
Microsoft Visual Studio Solution File, Format Version 11.00
# Visual C++ Express 2010
Project("{8BC9CEB8-8B4A-11D0-8D11-00A0C91BC942}") = "الة حاسبة", "الة حاسبة\الة حاسبة.vcxproj", "{C880FD2E-9871-4BB6-92BB-CE3140F8D476}"
EndProject
Global
	GlobalSection(SolutionConfigurationPlatforms) = preSolution
		Debug|Win32 = Debug|Win32
		Release|Win32 = Release|Win32
	EndGlobalSection
	GlobalSection(ProjectConfigurationPlatforms) = postSolution
		{C880FD2E-9871-4BB6-92BB-CE3140F8D476}.Debug|Win32.ActiveCfg = Debug|Win32
		{C880FD2E-9871-4BB6-92BB-CE3140F8D476}.Debug|Win32.Build.0 = Debug|Win32
		{C880FD2E-9871-4BB6-92BB-CE3140F8D476}.Release|Win32.ActiveCfg = Release|Win32
		{C880FD2E-9871-4BB6-92BB-CE3140F8D476}.Release|Win32.Build.0 = Release|Win32
	EndGlobalSection
	GlobalSection(SolutionProperties) = preSolution
		HideSolutionNode = FALSE
	EndGlobalSection
EndGlobal
